
Microsoft Visual Studio Solution File, Format Version 12.00
# Visual Studio 15
VisualStudioVersion = 15.0.28307.757
MinimumVisualStudioVersion = 10.0.40219.1
Project("{FAE04EC0-301F-11D3-BF4B-00C04F79EFBC}") = "ApplicationServer", "ApplicationServer\ApplicationServer.csproj", "{73423E47-64A9-496C-AE66-29DC2C9A0C45}"
EndProject
Project("{FAE04EC0-301F-11D3-BF4B-00C04F79EFBC}") = "AppUilities", "AppUilities\AppUilities.csproj", "{E40D53E9-0C70-4F66-8D44-2F8206E27531}"
EndProject
Global
	GlobalSection(SolutionConfigurationPlatforms) = preSolution
		Debug|Any CPU = Debug|Any CPU
		Release|Any CPU = Release|Any CPU
	EndGlobalSection
	GlobalSection(ProjectConfigurationPlatforms) = postSolution
		{73423E47-64A9-496C-AE66-29DC2C9A0C45}.Debug|Any CPU.ActiveCfg = Debug|Any CPU
		{73423E47-64A9-496C-AE66-29DC2C9A0C45}.Debug|Any CPU.Build.0 = Debug|Any CPU
		{73423E47-64A9-496C-AE66-29DC2C9A0C45}.Release|Any CPU.ActiveCfg = Release|Any CPU
		{73423E47-64A9-496C-AE66-29DC2C9A0C45}.Release|Any CPU.Build.0 = Release|Any CPU
		{E40D53E9-0C70-4F66-8D44-2F8206E27531}.Debug|Any CPU.ActiveCfg = Debug|Any CPU
		{E40D53E9-0C70-4F66-8D44-2F8206E27531}.Debug|Any CPU.Build.0 = Debug|Any CPU
		{E40D53E9-0C70-4F66-8D44-2F8206E27531}.Release|Any CPU.ActiveCfg = Release|Any CPU
		{E40D53E9-0C70-4F66-8D44-2F8206E27531}.Release|Any CPU.Build.0 = Release|Any CPU
	EndGlobalSection
	GlobalSection(SolutionProperties) = preSolution
		HideSolutionNode = FALSE
	EndGlobalSection
	GlobalSection(ExtensibilityGlobals) = postSolution
		SolutionGuid = {22D219DB-DE64-49E0-9242-BB2F359B9F05}
	EndGlobalSection
EndGlobal
